
Microsoft Visual Studio Solution File, Format Version 12.00
# Visual Studio Version 17
VisualStudioVersion = 17.4.33205.214
MinimumVisualStudioVersion = 10.0.40219.1
Project("{2150E333-8FDC-42A3-9474-1A3956D46DE8}") = "MicroServicios", "MicroServicios", "{72CA4207-ED67-45E9-82EB-19B09FA2A8BC}"
EndProject
Project("{2150E333-8FDC-42A3-9474-1A3956D46DE8}") = "Proyecto", "Proyecto", "{17B9CAEE-C3F7-46D3-B84D-03BE4E72EEC3}"
EndProject
Project("{2150E333-8FDC-42A3-9474-1A3956D46DE8}") = "Api", "Api", "{9FE99AB7-D715-4CAF-AAD6-2D414D5229BB}"
EndProject
Project("{2150E333-8FDC-42A3-9474-1A3956D46DE8}") = "Application", "Application", "{CE1D6A81-EEEE-4A42-8931-2BF05433C1AE}"
EndProject
Project("{2150E333-8FDC-42A3-9474-1A3956D46DE8}") = "Data", "Data", "{04FD9489-A689-4ECD-B808-D5405308FFEA}"
EndProject
Project("{2150E333-8FDC-42A3-9474-1A3956D46DE8}") = "Domain", "Domain", "{57BFC91B-787C-4665-9246-5965943527FA}"
EndProject
Project("{9A19103F-16F7-4668-BE54-9A1E7A4F7556}") = "Domain", "Domain\Domain.csproj", "{8BE6DDFA-DCF5-43E4-8D91-466A865B5C18}"
EndProject
Project("{9A19103F-16F7-4668-BE54-9A1E7A4F7556}") = "Data", "Data\Data.csproj", "{634976D7-B617-481C-A8D3-3B0D35C4ED2B}"
EndProject
Project("{9A19103F-16F7-4668-BE54-9A1E7A4F7556}") = "Application", "Application\Application.csproj", "{5BC47A19-AAA0-4BE6-A205-DD94D1A7F938}"
EndProject
Project("{9A19103F-16F7-4668-BE54-9A1E7A4F7556}") = "API", "API\API.csproj", "{EC70C2B1-CF29-44CB-BBA2-5DD525935F53}"
EndProject
Global
	GlobalSection(SolutionConfigurationPlatforms) = preSolution
		Debug|Any CPU = Debug|Any CPU
		Release|Any CPU = Release|Any CPU
	EndGlobalSection
	GlobalSection(ProjectConfigurationPlatforms) = postSolution
		{8BE6DDFA-DCF5-43E4-8D91-466A865B5C18}.Debug|Any CPU.ActiveCfg = Debug|Any CPU
		{8BE6DDFA-DCF5-43E4-8D91-466A865B5C18}.Debug|Any CPU.Build.0 = Debug|Any CPU
		{8BE6DDFA-DCF5-43E4-8D91-466A865B5C18}.Release|Any CPU.ActiveCfg = Release|Any CPU
		{8BE6DDFA-DCF5-43E4-8D91-466A865B5C18}.Release|Any CPU.Build.0 = Release|Any CPU
		{634976D7-B617-481C-A8D3-3B0D35C4ED2B}.Debug|Any CPU.ActiveCfg = Debug|Any CPU
		{634976D7-B617-481C-A8D3-3B0D35C4ED2B}.Debug|Any CPU.Build.0 = Debug|Any CPU
		{634976D7-B617-481C-A8D3-3B0D35C4ED2B}.Release|Any CPU.ActiveCfg = Release|Any CPU
		{634976D7-B617-481C-A8D3-3B0D35C4ED2B}.Release|Any CPU.Build.0 = Release|Any CPU
		{5BC47A19-AAA0-4BE6-A205-DD94D1A7F938}.Debug|Any CPU.ActiveCfg = Debug|Any CPU
		{5BC47A19-AAA0-4BE6-A205-DD94D1A7F938}.Debug|Any CPU.Build.0 = Debug|Any CPU
		{5BC47A19-AAA0-4BE6-A205-DD94D1A7F938}.Release|Any CPU.ActiveCfg = Release|Any CPU
		{5BC47A19-AAA0-4BE6-A205-DD94D1A7F938}.Release|Any CPU.Build.0 = Release|Any CPU
		{EC70C2B1-CF29-44CB-BBA2-5DD525935F53}.Debug|Any CPU.ActiveCfg = Debug|Any CPU
		{EC70C2B1-CF29-44CB-BBA2-5DD525935F53}.Debug|Any CPU.Build.0 = Debug|Any CPU
		{EC70C2B1-CF29-44CB-BBA2-5DD525935F53}.Release|Any CPU.ActiveCfg = Release|Any CPU
		{EC70C2B1-CF29-44CB-BBA2-5DD525935F53}.Release|Any CPU.Build.0 = Release|Any CPU
	EndGlobalSection
	GlobalSection(SolutionProperties) = preSolution
		HideSolutionNode = FALSE
	EndGlobalSection
	GlobalSection(NestedProjects) = preSolution
		{17B9CAEE-C3F7-46D3-B84D-03BE4E72EEC3} = {72CA4207-ED67-45E9-82EB-19B09FA2A8BC}
		{9FE99AB7-D715-4CAF-AAD6-2D414D5229BB} = {17B9CAEE-C3F7-46D3-B84D-03BE4E72EEC3}
		{CE1D6A81-EEEE-4A42-8931-2BF05433C1AE} = {17B9CAEE-C3F7-46D3-B84D-03BE4E72EEC3}
		{04FD9489-A689-4ECD-B808-D5405308FFEA} = {17B9CAEE-C3F7-46D3-B84D-03BE4E72EEC3}
		{57BFC91B-787C-4665-9246-5965943527FA} = {17B9CAEE-C3F7-46D3-B84D-03BE4E72EEC3}
		{8BE6DDFA-DCF5-43E4-8D91-466A865B5C18} = {57BFC91B-787C-4665-9246-5965943527FA}
		{634976D7-B617-481C-A8D3-3B0D35C4ED2B} = {04FD9489-A689-4ECD-B808-D5405308FFEA}
		{5BC47A19-AAA0-4BE6-A205-DD94D1A7F938} = {CE1D6A81-EEEE-4A42-8931-2BF05433C1AE}
		{EC70C2B1-CF29-44CB-BBA2-5DD525935F53} = {9FE99AB7-D715-4CAF-AAD6-2D414D5229BB}
	EndGlobalSection
	GlobalSection(ExtensibilityGlobals) = postSolution
		SolutionGuid = {086DFD19-F0FE-476A-B2DD-DCED2D97CA32}
	EndGlobalSection
EndGlobal
